
Microsoft Visual Studio Solution File, Format Version 12.00
Project("{2150E333-8FDC-42A3-9474-1A3956D46DE8}") = "Solution Items", "Solution Items", "{DB1423D1-A3D8-4837-ABE5-6F539650B28B}"
EndProject
Project("{FAE04EC0-301F-11D3-BF4B-00C04F79EFBC}") = "MicroserviceAugEducation.AppHost", "MicroserviceAugEducation.AppHost\MicroserviceAugEducation.AppHost.csproj", "{9E12D4E4-7DF2-4781-AFB9-643E4D4A3EA6}"
EndProject
Project("{FAE04EC0-301F-11D3-BF4B-00C04F79EFBC}") = "MicroserviceAugEducation.ServiceDefaults", "MicroserviceAugEducation.ServiceDefaults\MicroserviceAugEducation.ServiceDefaults.csproj", "{5C3E0562-AAD9-4FCB-97DB-D1918C716336}"
EndProject
Project("{FAE04EC0-301F-11D3-BF4B-00C04F79EFBC}") = "ObservabilityOne.API", "ObservabilityOne.API\ObservabilityOne.API.csproj", "{70D68BE1-6D31-4948-8C1D-7185313E1A25}"
EndProject
Project("{FAE04EC0-301F-11D3-BF4B-00C04F79EFBC}") = "ObservabilityTwo.API", "ObservabilityTwo.API\ObservabilityTwo.API.csproj", "{8B6663FE-1B67-4042-B2F9-C326BB1363E2}"
EndProject
Global
	GlobalSection(SolutionConfigurationPlatforms) = preSolution
		Debug|Any CPU = Debug|Any CPU
		Release|Any CPU = Release|Any CPU
	EndGlobalSection
	GlobalSection(ProjectConfigurationPlatforms) = postSolution
		{9E12D4E4-7DF2-4781-AFB9-643E4D4A3EA6}.Debug|Any CPU.ActiveCfg = Debug|Any CPU
		{9E12D4E4-7DF2-4781-AFB9-643E4D4A3EA6}.Debug|Any CPU.Build.0 = Debug|Any CPU
		{9E12D4E4-7DF2-4781-AFB9-643E4D4A3EA6}.Release|Any CPU.ActiveCfg = Release|Any CPU
		{9E12D4E4-7DF2-4781-AFB9-643E4D4A3EA6}.Release|Any CPU.Build.0 = Release|Any CPU
		{5C3E0562-AAD9-4FCB-97DB-D1918C716336}.Debug|Any CPU.ActiveCfg = Debug|Any CPU
		{5C3E0562-AAD9-4FCB-97DB-D1918C716336}.Debug|Any CPU.Build.0 = Debug|Any CPU
		{5C3E0562-AAD9-4FCB-97DB-D1918C716336}.Release|Any CPU.ActiveCfg = Release|Any CPU
		{5C3E0562-AAD9-4FCB-97DB-D1918C716336}.Release|Any CPU.Build.0 = Release|Any CPU
		{70D68BE1-6D31-4948-8C1D-7185313E1A25}.Debug|Any CPU.ActiveCfg = Debug|Any CPU
		{70D68BE1-6D31-4948-8C1D-7185313E1A25}.Debug|Any CPU.Build.0 = Debug|Any CPU
		{70D68BE1-6D31-4948-8C1D-7185313E1A25}.Release|Any CPU.ActiveCfg = Release|Any CPU
		{70D68BE1-6D31-4948-8C1D-7185313E1A25}.Release|Any CPU.Build.0 = Release|Any CPU
		{8B6663FE-1B67-4042-B2F9-C326BB1363E2}.Debug|Any CPU.ActiveCfg = Debug|Any CPU
		{8B6663FE-1B67-4042-B2F9-C326BB1363E2}.Debug|Any CPU.Build.0 = Debug|Any CPU
		{8B6663FE-1B67-4042-B2F9-C326BB1363E2}.Release|Any CPU.ActiveCfg = Release|Any CPU
		{8B6663FE-1B67-4042-B2F9-C326BB1363E2}.Release|Any CPU.Build.0 = Release|Any CPU
	EndGlobalSection
	GlobalSection(NestedProjects) = preSolution
	EndGlobalSection
EndGlobal
