
Microsoft Visual Studio Solution File, Format Version 12.00
Project("{FAE04EC0-301F-11D3-BF4B-00C04F79EFBC}") = "WebApplication1", "WebApplication1\WebApplication1.csproj", "{ACA51297-77EA-4EF0-9282-22FC7FC1664F}"
EndProject
Project("{FAE04EC0-301F-11D3-BF4B-00C04F79EFBC}") = "WebApplication2", "WebApplication2\WebApplication2.csproj", "{02BAD1A2-F430-4838-A234-B4528A24959F}"
EndProject
Project("{2150E333-8FDC-42A3-9474-1A3956D46DE8}") = "Solution Items", "Solution Items", "{DB1423D1-A3D8-4837-ABE5-6F539650B28B}"
EndProject
Project("{FAE04EC0-301F-11D3-BF4B-00C04F79EFBC}") = "MicroserviceAugEducation.AppHost", "MicroserviceAugEducation.AppHost\MicroserviceAugEducation.AppHost.csproj", "{9E12D4E4-7DF2-4781-AFB9-643E4D4A3EA6}"
EndProject
Project("{FAE04EC0-301F-11D3-BF4B-00C04F79EFBC}") = "MicroserviceAugEducation.ServiceDefaults", "MicroserviceAugEducation.ServiceDefaults\MicroserviceAugEducation.ServiceDefaults.csproj", "{5C3E0562-AAD9-4FCB-97DB-D1918C716336}"
EndProject
Global
	GlobalSection(SolutionConfigurationPlatforms) = preSolution
		Debug|Any CPU = Debug|Any CPU
		Release|Any CPU = Release|Any CPU
	EndGlobalSection
	GlobalSection(ProjectConfigurationPlatforms) = postSolution
		{ACA51297-77EA-4EF0-9282-22FC7FC1664F}.Debug|Any CPU.ActiveCfg = Debug|Any CPU
		{ACA51297-77EA-4EF0-9282-22FC7FC1664F}.Debug|Any CPU.Build.0 = Debug|Any CPU
		{ACA51297-77EA-4EF0-9282-22FC7FC1664F}.Release|Any CPU.ActiveCfg = Release|Any CPU
		{ACA51297-77EA-4EF0-9282-22FC7FC1664F}.Release|Any CPU.Build.0 = Release|Any CPU
		{02BAD1A2-F430-4838-A234-B4528A24959F}.Debug|Any CPU.ActiveCfg = Debug|Any CPU
		{02BAD1A2-F430-4838-A234-B4528A24959F}.Debug|Any CPU.Build.0 = Debug|Any CPU
		{02BAD1A2-F430-4838-A234-B4528A24959F}.Release|Any CPU.ActiveCfg = Release|Any CPU
		{02BAD1A2-F430-4838-A234-B4528A24959F}.Release|Any CPU.Build.0 = Release|Any CPU
		{9E12D4E4-7DF2-4781-AFB9-643E4D4A3EA6}.Debug|Any CPU.ActiveCfg = Debug|Any CPU
		{9E12D4E4-7DF2-4781-AFB9-643E4D4A3EA6}.Debug|Any CPU.Build.0 = Debug|Any CPU
		{9E12D4E4-7DF2-4781-AFB9-643E4D4A3EA6}.Release|Any CPU.ActiveCfg = Release|Any CPU
		{9E12D4E4-7DF2-4781-AFB9-643E4D4A3EA6}.Release|Any CPU.Build.0 = Release|Any CPU
		{5C3E0562-AAD9-4FCB-97DB-D1918C716336}.Debug|Any CPU.ActiveCfg = Debug|Any CPU
		{5C3E0562-AAD9-4FCB-97DB-D1918C716336}.Debug|Any CPU.Build.0 = Debug|Any CPU
		{5C3E0562-AAD9-4FCB-97DB-D1918C716336}.Release|Any CPU.ActiveCfg = Release|Any CPU
		{5C3E0562-AAD9-4FCB-97DB-D1918C716336}.Release|Any CPU.Build.0 = Release|Any CPU
	EndGlobalSection
EndGlobal
