
Microsoft Visual Studio Solution File, Format Version 12.00
Project("{2150E333-8FDC-42A3-9474-1A3956D46DE8}") = "Solution Items", "Solution Items", "{DB1423D1-A3D8-4837-ABE5-6F539650B28B}"
EndProject
Project("{FAE04EC0-301F-11D3-BF4B-00C04F79EFBC}") = "MicroserviceAugEducation.AppHost", "MicroserviceAugEducation.AppHost\MicroserviceAugEducation.AppHost.csproj", "{9E12D4E4-7DF2-4781-AFB9-643E4D4A3EA6}"
EndProject
Project("{FAE04EC0-301F-11D3-BF4B-00C04F79EFBC}") = "MicroserviceAugEducation.ServiceDefaults", "MicroserviceAugEducation.ServiceDefaults\MicroserviceAugEducation.ServiceDefaults.csproj", "{5C3E0562-AAD9-4FCB-97DB-D1918C716336}"
EndProject
Project("{FAE04EC0-301F-11D3-BF4B-00C04F79EFBC}") = "OAuthMicroservice1", "OAuthMicroservice1\OAuthMicroservice1.csproj", "{EC51F445-1C10-453C-B168-86B5BDD03D4A}"
EndProject
Project("{FAE04EC0-301F-11D3-BF4B-00C04F79EFBC}") = "OAuthWeb", "OAuthWeb\OAuthWeb.csproj", "{9B88850C-BF80-4AC4-89F3-38E44943105C}"
EndProject
Global
	GlobalSection(SolutionConfigurationPlatforms) = preSolution
		Debug|Any CPU = Debug|Any CPU
		Release|Any CPU = Release|Any CPU
	EndGlobalSection
	GlobalSection(ProjectConfigurationPlatforms) = postSolution
		{9E12D4E4-7DF2-4781-AFB9-643E4D4A3EA6}.Debug|Any CPU.ActiveCfg = Debug|Any CPU
		{9E12D4E4-7DF2-4781-AFB9-643E4D4A3EA6}.Debug|Any CPU.Build.0 = Debug|Any CPU
		{9E12D4E4-7DF2-4781-AFB9-643E4D4A3EA6}.Release|Any CPU.ActiveCfg = Release|Any CPU
		{9E12D4E4-7DF2-4781-AFB9-643E4D4A3EA6}.Release|Any CPU.Build.0 = Release|Any CPU
		{5C3E0562-AAD9-4FCB-97DB-D1918C716336}.Debug|Any CPU.ActiveCfg = Debug|Any CPU
		{5C3E0562-AAD9-4FCB-97DB-D1918C716336}.Debug|Any CPU.Build.0 = Debug|Any CPU
		{5C3E0562-AAD9-4FCB-97DB-D1918C716336}.Release|Any CPU.ActiveCfg = Release|Any CPU
		{5C3E0562-AAD9-4FCB-97DB-D1918C716336}.Release|Any CPU.Build.0 = Release|Any CPU
		{EC51F445-1C10-453C-B168-86B5BDD03D4A}.Debug|Any CPU.ActiveCfg = Debug|Any CPU
		{EC51F445-1C10-453C-B168-86B5BDD03D4A}.Debug|Any CPU.Build.0 = Debug|Any CPU
		{EC51F445-1C10-453C-B168-86B5BDD03D4A}.Release|Any CPU.ActiveCfg = Release|Any CPU
		{EC51F445-1C10-453C-B168-86B5BDD03D4A}.Release|Any CPU.Build.0 = Release|Any CPU
		{9B88850C-BF80-4AC4-89F3-38E44943105C}.Debug|Any CPU.ActiveCfg = Debug|Any CPU
		{9B88850C-BF80-4AC4-89F3-38E44943105C}.Debug|Any CPU.Build.0 = Debug|Any CPU
		{9B88850C-BF80-4AC4-89F3-38E44943105C}.Release|Any CPU.ActiveCfg = Release|Any CPU
		{9B88850C-BF80-4AC4-89F3-38E44943105C}.Release|Any CPU.Build.0 = Release|Any CPU
	EndGlobalSection
EndGlobal
